Microsoft Visual Studio Solution File, Format Version 10.00
# Visual Studio 2008
Project("{F184B08F-C81C-45F6-A57F-5ABD9991F28F}") = "FDConfig", "FDConfig.vbproj", "{12F4669F-9BC9-4580-BAAE-093F0C0A93B8}"
EndProject
Global
	GlobalSection(SolutionConfigurationPlatforms) = preSolution
		Debug|Any CPU = Debug|Any CPU
		Release|Any CPU = Release|Any CPU
	EndGlobalSection
	GlobalSection(ProjectConfigurationPlatforms) = postSolution
		{12F4669F-9BC9-4580-BAAE-093F0C0A93B8}.Debug|Any CPU.ActiveCfg = Debug|Any CPU
		{12F4669F-9BC9-4580-BAAE-093F0C0A93B8}.Debug|Any CPU.Build.0 = Debug|Any CPU
		{12F4669F-9BC9-4580-BAAE-093F0C0A93B8}.Release|Any CPU.ActiveCfg = Release|Any CPU
		{12F4669F-9BC9-4580-BAAE-093F0C0A93B8}.Release|Any CPU.Build.0 = Release|Any CPU
	EndGlobalSection
	GlobalSection(SolutionProperties) = preSolution
		HideSolutionNode = FALSE
	EndGlobalSection
EndGlobal
