Microsoft Visual Studio Solution File, Format Version 8.00
Project("{F184B08F-C81C-45F6-A57F-5ABD9991F28F}") = "KBCI", "KBCI.vbproj", "{C4EE2D54-57C8-4931-B5FD-BA88BB82E777}"
	ProjectSection(ProjectDependencies) = postProject
	EndProjectSection
EndProject
Global
	GlobalSection(SolutionConfiguration) = preSolution
		Debug = Debug
		Release = Release
	EndGlobalSection
	GlobalSection(ProjectConfiguration) = postSolution
		{C4EE2D54-57C8-4931-B5FD-BA88BB82E777}.Debug.ActiveCfg = Debug|.NET
		{C4EE2D54-57C8-4931-B5FD-BA88BB82E777}.Debug.Build.0 = Debug|.NET
		{C4EE2D54-57C8-4931-B5FD-BA88BB82E777}.Release.ActiveCfg = Release|.NET
		{C4EE2D54-57C8-4931-B5FD-BA88BB82E777}.Release.Build.0 = Release|.NET
	EndGlobalSection
	GlobalSection(ExtensibilityGlobals) = postSolution
	EndGlobalSection
	GlobalSection(ExtensibilityAddIns) = postSolution
	EndGlobalSection
EndGlobal
