Microsoft Visual Studio Solution File, Format Version 8.00
Project("{F184B08F-C81C-45F6-A57F-5ABD9991F28F}") = "FDConfig", "FDConfig.vbproj", "{12F4669F-9BC9-4580-BAAE-093F0C0A93B8}"
	ProjectSection(ProjectDependencies) = postProject
	EndProjectSection
EndProject
Global
	GlobalSection(SolutionConfiguration) = preSolution
		Debug = Debug
		Release = Release
	EndGlobalSection
	GlobalSection(ProjectConfiguration) = postSolution
		{12F4669F-9BC9-4580-BAAE-093F0C0A93B8}.Debug.ActiveCfg = Debug|.NET
		{12F4669F-9BC9-4580-BAAE-093F0C0A93B8}.Debug.Build.0 = Debug|.NET
		{12F4669F-9BC9-4580-BAAE-093F0C0A93B8}.Release.ActiveCfg = Release|.NET
		{12F4669F-9BC9-4580-BAAE-093F0C0A93B8}.Release.Build.0 = Release|.NET
	EndGlobalSection
	GlobalSection(ExtensibilityGlobals) = postSolution
	EndGlobalSection
	GlobalSection(ExtensibilityAddIns) = postSolution
	EndGlobalSection
EndGlobal
